// !$*UTF8*$!
{
	archiveVersion = 1;
	classes = {
	};
	objectVersion = 46;
	objects = {

/* Begin PBXBuildFile section */
		6A5EABD7143195C60070C995 /* Cocoa.framework in Frameworks */ = {isa = PBXBuildFile; fileRef = 6A5EABD6143195C60070C995 /* Cocoa.framework */; };
		6A5EABE1143195C60070C995 /* TSITString.m in Sources */ = {isa = PBXBuildFile; fileRef = 6A5EABE0143195C60070C995 /* TSITString.m */; };
/* End PBXBuildFile section */

/* Begin PBXFileReference section */
		6A5EABD3143195C60070C995 /* TSITString.dylib */ = {isa = PBXFileReference; explicitFileType = "compiled.mach-o.dylib"; includeInIndex = 0; path = TSITString.dylib; sourceTree = BUILT_PRODUCTS_DIR; };
		6A5EABD6143195C60070C995 /* Cocoa.framework */ = {isa = PBXFileReference; lastKnownFileType = wrapper.framework; name = Cocoa.framework; path = System/Library/Frameworks/Cocoa.framework; sourceTree = SDKROOT; };
		6A5EABD9143195C60070C995 /* AppKit.framework */ = {isa = PBXFileReference; lastKnownFileType = wrapper.framework; name = AppKit.framework; path = System/Library/Frameworks/AppKit.framework; sourceTree = SDKROOT; };
		6A5EABDA143195C60070C995 /* CoreData.framework */ = {isa = PBXFileReference; lastKnownFileType = wrapper.framework; name = CoreData.framework; path = System/Library/Frameworks/CoreData.framework; sourceTree = SDKROOT; };
		6A5EABDB143195C60070C995 /* Foundation.framework */ = {isa = PBXFileReference; lastKnownFileType = wrapper.framework; name = Foundation.framework; path = System/Library/Frameworks/Foundation.framework; sourceTree = SDKROOT; };
		6A5EABDE143195C60070C995 /* TSITString-Prefix.pch */ = {isa = PBXFileReference; path = "TSITString-Prefix.pch"; sourceTree = "<group>"; };
		6A5EABDF143195C60070C995 /* TSITString.h */ = {isa = PBXFileReference; path = TSITString.h; sourceTree = "<group>"; };
		6A5EABE0143195C60070C995 /* TSITString.m */ = {isa = PBXFileReference; lastKnownFileType = sourcecode.c.objc; path = TSITString.m; sourceTree = "<group>"; };
/* End PBXFileReference section */

/* Begin PBXFrameworksBuildPhase section */
		6A5EABD0143195C60070C995 /* Frameworks */ = {
			isa = PBXFrameworksBuildPhase;
			buildActionMask = 2147483647;
			files = (
				6A5EABD7143195C60070C995 /* Cocoa.framework in Frameworks */,
			);
			runOnlyForDeploymentPostprocessing = 0;
		};
/* End PBXFrameworksBuildPhase section */

/* Begin PBXGroup section */
		6A5EABC8143195C60070C995 = {
			isa = PBXGroup;
			children = (
				6A5EABDC143195C60070C995 /* TSITString */,
				6A5EABD5143195C60070C995 /* Frameworks */,
				6A5EABD4143195C60070C995 /* Products */,
			);
			sourceTree = "<group>";
		};
		6A5EABD4143195C60070C995 /* Products */ = {
			isa = PBXGroup;
			children = (
				6A5EABD3143195C60070C995 /* TSITString.dylib */,
			);
			name = Products;
			sourceTree = "<group>";
		};
		6A5EABD5143195C60070C995 /* Frameworks */ = {
			isa = PBXGroup;
			children = (
				6A5EABD6143195C60070C995 /* Cocoa.framework */,
				6A5EABD8143195C60070C995 /* Other Frameworks */,
			);
			name = Frameworks;
			sourceTree = "<group>";
		};
		6A5EABD8143195C60070C995 /* Other Frameworks */ = {
			isa = PBXGroup;
			children = (
				6A5EABD9143195C60070C995 /* AppKit.framework */,
				6A5EABDA143195C60070C995 /* CoreData.framework */,
				6A5EABDB143195C60070C995 /* Foundation.framework */,
			);
			name = "Other Frameworks";
			sourceTree = "<group>";
		};
		6A5EABDC143195C60070C995 /* TSITString */ = {
			isa = PBXGroup;
			children = (
				6A5EABDF143195C60070C995 /* TSITString.h */,
				6A5EABE0143195C60070C995 /* TSITString.m */,
				6A5EABDD143195C60070C995 /* Supporting Files */,
			);
			path = TSITString;
			sourceTree = "<group>";
		};
		6A5EABDD143195C60070C995 /* Supporting Files */ = {
			isa = PBXGroup;
			children = (
				6A5EABDE143195C60070C995 /* TSITString-Prefix.pch */,
			);
			name = "Supporting Files";
			sourceTree = "<group>";
		};
/* End PBXGroup section */

/* Begin PBXHeadersBuildPhase section */
		6A5EABD1143195C60070C995 /* Headers */ = {
			isa = PBXHeadersBuildPhase;
			buildActionMask = 2147483647;
			files = (
			);
			runOnlyForDeploymentPostprocessing = 0;
		};
/* End PBXHeadersBuildPhase section */

/* Begin PBXNativeTarget section */
		6A5EABD2143195C60070C995 /* TSITString */ = {
			isa = PBXNativeTarget;
			buildConfigurationList = 6A5EABE4143195C60070C995 /* Build configuration list for PBXNativeTarget "TSITString" */;
			buildPhases = (
				6A5EABCF143195C60070C995 /* Sources */,
				6A5EABD0143195C60070C995 /* Frameworks */,
				6A5EABD1143195C60070C995 /* Headers */,
			);
			buildRules = (
			);
			dependencies = (
			);
			name = TSITString;
			productName = TSITString;
			productReference = 6A5EABD3143195C60070C995 /* TSITString.dylib */;
			productType = "com.apple.product-type.library.dynamic";
		};
/* End PBXNativeTarget section */

/* Begin PBXProject section */
		6A5EABCA143195C60070C995 /* Project object */ = {
			isa = PBXProject;
			attributes = {
				LastUpgradeCheck = 0420;
			};
			buildConfigurationList = 6A5EABCD143195C60070C995 /* Build configuration list for PBXProject "TSITString" */;
			compatibilityVersion = "Xcode 3.2";
			developmentRegion = English;
			hasScannedForEncodings = 0;
			knownRegions = (
				en,
			);
			mainGroup = 6A5EABC8143195C60070C995;
			productRefGroup = 6A5EABD4143195C60070C995 /* Products */;
			projectDirPath = "";
			projectRoot = "";
			targets = (
				6A5EABD2143195C60070C995 /* TSITString */,
			);
		};
/* End PBXProject section */

/* Begin PBXSourcesBuildPhase section */
		6A5EABCF143195C60070C995 /* Sources */ = {
			isa = PBXSourcesBuildPhase;
			buildActionMask = 2147483647;
			files = (
				6A5EABE1143195C60070C995 /* TSITString.m in Sources */,
			);
			runOnlyForDeploymentPostprocessing = 0;
		};
/* End PBXSourcesBuildPhase section */

/* Begin XCBuildConfiguration section */
		6A5EABE2143195C60070C995 /* Debug */ = {
			isa = XCBuildConfiguration;
			buildSettings = {
				ALWAYS_SEARCH_USER_PATHS = NO;
				ARCHS = "$(ARCHS_STANDARD_64_BIT)";
				COPY_PHASE_STRIP = NO;
				GCC_C_LANGUAGE_STANDARD = gnu99;
				GCC_DYNAMIC_NO_PIC = NO;
				GCC_ENABLE_OBJC_EXCEPTIONS = YES;
				GCC_OPTIMIZATION_LEVEL = 0;
				GCC_PREPROCESSOR_DEFINITIONS = (
					"DEBUG=1",
					"$(inherited)",
				);
				GCC_SYMBOLS_PRIVATE_EXTERN = NO;
				GCC_VERSION = com.apple.compilers.llvm.clang.1_0;
				GCC_WARN_64_TO_32_BIT_CONVERSION = YES;
				GCC_WARN_ABOUT_MISSING_PROTOTYPES = YES;
				GCC_WARN_ABOUT_RETURN_TYPE = YES;
				GCC_WARN_UNUSED_VARIABLE = YES;
				MACOSX_DEPLOYMENT_TARGET = 10.7;
				ONLY_ACTIVE_ARCH = YES;
				SDKROOT = macosx;
			};
			name = Debug;
		};
		6A5EABE3143195C60070C995 /* Release */ = {
			isa = XCBuildConfiguration;
			buildSettings = {
				ALWAYS_SEARCH_USER_PATHS = NO;
				ARCHS = "$(ARCHS_STANDARD_64_BIT)";
				COPY_PHASE_STRIP = YES;
				DEBUG_INFORMATION_FORMAT = "dwarf-with-dsym";
				GCC_C_LANGUAGE_STANDARD = gnu99;
				GCC_ENABLE_OBJC_EXCEPTIONS = YES;
				GCC_VERSION = com.apple.compilers.llvm.clang.1_0;
				GCC_WARN_64_TO_32_BIT_CONVERSION = YES;
				GCC_WARN_ABOUT_MISSING_PROTOTYPES = YES;
				GCC_WARN_ABOUT_RETURN_TYPE = YES;
				GCC_WARN_UNUSED_VARIABLE = YES;
				MACOSX_DEPLOYMENT_TARGET = 10.7;
				SDKROOT = macosx;
			};
			name = Release;
		};
		6A5EABE5143195C60070C995 /* Debug */ = {
			isa = XCBuildConfiguration;
			buildSettings = {
				DYLIB_COMPATIBILITY_VERSION = 1;
				DYLIB_CURRENT_VERSION = 1;
				GCC_PRECOMPILE_PREFIX_HEADER = YES;
				GCC_PREFIX_HEADER = "TSITString/TSITString-Prefix.pch";
				PRODUCT_NAME = "$(TARGET_NAME)";
			};
			name = Debug;
		};
		6A5EABE6143195C60070C995 /* Release */ = {
			isa = XCBuildConfiguration;
			buildSettings = {
				DYLIB_COMPATIBILITY_VERSION = 1;
				DYLIB_CURRENT_VERSION = 1;
				GCC_PRECOMPILE_PREFIX_HEADER = YES;
				GCC_PREFIX_HEADER = "TSITString/TSITString-Prefix.pch";
				PRODUCT_NAME = "$(TARGET_NAME)";
			};
			name = Release;
		};
/* End XCBuildConfiguration section */

/* Begin XCConfigurationList section */
		6A5EABCD143195C60070C995 /* Build configuration list for PBXProject "TSITString" */ = {
			isa = XCConfigurationList;
			buildConfigurations = (
				6A5EABE2143195C60070C995 /* Debug */,
				6A5EABE3143195C60070C995 /* Release */,
			);
			defaultConfigurationIsVisible = 0;
			defaultConfigurationName = Release;
		};
		6A5EABE4143195C60070C995 /* Build configuration list for PBXNativeTarget "TSITString" */ = {
			isa = XCConfigurationList;
			buildConfigurations = (
				6A5EABE5143195C60070C995 /* Debug */,
				6A5EABE6143195C60070C995 /* Release */,
			);
			defaultConfigurationIsVisible = 0;
		};
/* End XCConfigurationList section */
	};
	rootObject = 6A5EABCA143195C60070C995 /* Project object */;
}
